
Microsoft Visual Studio Solution File, Format Version 12.00
# Visual Studio 15
VisualStudioVersion = 15.0.28307.102
MinimumVisualStudioVersion = 10.0.40219.1
Project("{FAE04EC0-301F-11D3-BF4B-00C04F79EFBC}") = "Workshop", "WorkshopCsharp\Workshop.csproj", "{A2BD9FF6-BBAD-4BA1-9C6D-B8B5EC571E13}"
EndProject
Project("{FAE04EC0-301F-11D3-BF4B-00C04F79EFBC}") = "WorkshopTests", "WorkshopCsharpTests\WorkshopTests.csproj", "{35089509-C36A-4F19-8C3E-91E522D37131}"
EndProject
Global
	GlobalSection(SolutionConfigurationPlatforms) = preSolution
		Debug|Any CPU = Debug|Any CPU
		Release|Any CPU = Release|Any CPU
	EndGlobalSection
	GlobalSection(ProjectConfigurationPlatforms) = postSolution
		{A2BD9FF6-BBAD-4BA1-9C6D-B8B5EC571E13}.Debug|Any CPU.ActiveCfg = Debug|Any CPU
		{A2BD9FF6-BBAD-4BA1-9C6D-B8B5EC571E13}.Debug|Any CPU.Build.0 = Debug|Any CPU
		{A2BD9FF6-BBAD-4BA1-9C6D-B8B5EC571E13}.Release|Any CPU.ActiveCfg = Release|Any CPU
		{A2BD9FF6-BBAD-4BA1-9C6D-B8B5EC571E13}.Release|Any CPU.Build.0 = Release|Any CPU
		{35089509-C36A-4F19-8C3E-91E522D37131}.Debug|Any CPU.ActiveCfg = Debug|Any CPU
		{35089509-C36A-4F19-8C3E-91E522D37131}.Debug|Any CPU.Build.0 = Debug|Any CPU
		{35089509-C36A-4F19-8C3E-91E522D37131}.Release|Any CPU.ActiveCfg = Release|Any CPU
		{35089509-C36A-4F19-8C3E-91E522D37131}.Release|Any CPU.Build.0 = Release|Any CPU
	EndGlobalSection
	GlobalSection(SolutionProperties) = preSolution
		HideSolutionNode = FALSE
	EndGlobalSection
	GlobalSection(ExtensibilityGlobals) = postSolution
		SolutionGuid = {F184D055-6EB2-4801-9639-D62631E080EA}
	EndGlobalSection
EndGlobal
